{
  "name": "pdfix_sdk_example_npm",
  "lockfileVersion": 3,
  "requires": true,
  "packages": {
    "": {
      "dependencies": {
        "pdfix-sdk": "^8.2.0"
      }
    },
    "node_modules/pdfix-sdk": {
      "version": "8.2.0",
      "resolved": "https://registry.npmjs.org/pdfix-sdk/-/pdfix-sdk-8.2.0.tgz",
      "integrity": "sha512-TwcHlWTl3MkhzfbuT4WcszpQSuc9C5rgXtSZ9rUTiZpKjox850ttce/9lJwFNlPAkGq3fr8YdM/V8dTPSuDT2g=="
    }
  }
}
