{
  "name": "pdfix_sdk_example_npm",
  "lockfileVersion": 3,
  "requires": true,
  "packages": {
    "": {
      "dependencies": {
        "pdfix-sdk": "^7.1.2"
      }
    },
    "node_modules/pdfix-sdk": {
      "version": "7.1.2",
      "resolved": "https://registry.npmjs.org/pdfix-sdk/-/pdfix-sdk-7.1.2.tgz",
      "integrity": "sha512-SbLzaMsbkToRRcyur5CQkpZ46NTXz43aabPcgMph1X9qt5wqLMsT+aUYM3nIm+qJBx2+tnlZ/NII08udARot3g=="
    }
  }
}
